// !$*UTF8*$!
{
	archiveVersion = 1;
	classes = {
	};
	objectVersion = 56;
	objects = {

/* Begin PBXBuildFile section */
		5D1461472BE2FAAA00E85D50 /* UserGardenViewController.swift in Sources */ = {isa = PBXBuildFile; fileRef = 5D1461462BE2FAAA00E85D50 /* UserGardenViewController.swift */; };
		5D1461492BE2FACE00E85D50 /* UserGarden.storyboard in Resources */ = {isa = PBXBuildFile; fileRef = 5D1461482BE2FACE00E85D50 /* UserGarden.storyboard */; };
		5D14614C2BEAE30100E85D50 /* CollectionTabsView.swift in Sources */ = {isa = PBXBuildFile; fileRef = 5D14614B2BEAE30100E85D50 /* CollectionTabsView.swift */; };
		5D1461502BEAE39A00E85D50 /* PlantsFoundCollectionViewCell.swift in Sources */ = {isa = PBXBuildFile; fileRef = 5D14614E2BEAE39A00E85D50 /* PlantsFoundCollectionViewCell.swift */; };
		5D1461512BEAE39A00E85D50 /* PlantsFoundCollectionViewCell.xib in Resources */ = {isa = PBXBuildFile; fileRef = 5D14614F2BEAE39A00E85D50 /* PlantsFoundCollectionViewCell.xib */; };
		5D1461532BEC185300E85D50 /* SimilarPlants.swift in Sources */ = {isa = PBXBuildFile; fileRef = 5D1461522BEC185300E85D50 /* SimilarPlants.swift */; };
		5D1461552BEC198500E85D50 /* ResultOfSimilarPlants.swift in Sources */ = {isa = PBXBuildFile; fileRef = 5D1461542BEC198500E85D50 /* ResultOfSimilarPlants.swift */; };
		5D1461572BEC1A4B00E85D50 /* IsPlant.swift in Sources */ = {isa = PBXBuildFile; fileRef = 5D1461562BEC1A4B00E85D50 /* IsPlant.swift */; };
		5D1461592BEC1C0400E85D50 /* SuggestedPlant.swift in Sources */ = {isa = PBXBuildFile; fileRef = 5D1461582BEC1C0400E85D50 /* SuggestedPlant.swift */; };
		5D14615B2BEC1D0400E85D50 /* SimilarImage.swift in Sources */ = {isa = PBXBuildFile; fileRef = 5D14615A2BEC1D0400E85D50 /* SimilarImage.swift */; };
		5D14615D2BEC1D9700E85D50 /* PlantDetails.swift in Sources */ = {isa = PBXBuildFile; fileRef = 5D14615C2BEC1D9700E85D50 /* PlantDetails.swift */; };
		5D14615F2BEC211800E85D50 /* Watered.swift in Sources */ = {isa = PBXBuildFile; fileRef = 5D14615E2BEC211800E85D50 /* Watered.swift */; };
		5D1461632BEC22DC00E85D50 /* PlantsByImageSearch.swift in Sources */ = {isa = PBXBuildFile; fileRef = 5D1461622BEC22DC00E85D50 /* PlantsByImageSearch.swift */; };
		5D1461682BEC260D00E85D50 /* SearchViewProvider.swift in Sources */ = {isa = PBXBuildFile; fileRef = 5D1461672BEC260D00E85D50 /* SearchViewProvider.swift */; };
		5D14616A2BEC264500E85D50 /* SearchViewProviderMock.swift in Sources */ = {isa = PBXBuildFile; fileRef = 5D1461692BEC264500E85D50 /* SearchViewProviderMock.swift */; };
		5D14616C2BEC288B00E85D50 /* Utils.swift in Sources */ = {isa = PBXBuildFile; fileRef = 5D14616B2BEC288B00E85D50 /* Utils.swift */; };
		5D14616F2BEC296100E85D50 /* NetworkError.swift in Sources */ = {isa = PBXBuildFile; fileRef = 5D14616E2BEC296100E85D50 /* NetworkError.swift */; };
		5D1461712BEC330C00E85D50 /* SearchViewController.swift in Sources */ = {isa = PBXBuildFile; fileRef = 5D1461702BEC330C00E85D50 /* SearchViewController.swift */; };
		5D1461732BED61DC00E85D50 /* Intent1.json in Resources */ = {isa = PBXBuildFile; fileRef = 5D1461722BED61DC00E85D50 /* Intent1.json */; };
		5D1461762BED69B900E85D50 /* SectionHeaderView.swift in Sources */ = {isa = PBXBuildFile; fileRef = 5D1461752BED69B900E85D50 /* SectionHeaderView.swift */; };
		5D7A65FB2BCDB8A100BE0341 /* SignUpError.swift in Sources */ = {isa = PBXBuildFile; fileRef = 5D7A65FA2BCDB8A100BE0341 /* SignUpError.swift */; };
		5D7A65FD2BCDB91D00BE0341 /* NetworkErrorFirebase.swift in Sources */ = {isa = PBXBuildFile; fileRef = 5D7A65FC2BCDB91D00BE0341 /* NetworkErrorFirebase.swift */; };
		5D7AC04E2BE1A8B3003EF2C9 /* InlineSnapshotTesting in Frameworks */ = {isa = PBXBuildFile; productRef = 5D7AC04D2BE1A8B3003EF2C9 /* InlineSnapshotTesting */; };
		5D7AC0502BE1A8B3003EF2C9 /* SnapshotTesting in Frameworks */ = {isa = PBXBuildFile; productRef = 5D7AC04F2BE1A8B3003EF2C9 /* SnapshotTesting */; };
		5D7AC0532BE1A971003EF2C9 /* AuthMainSnapshotTests.swift in Sources */ = {isa = PBXBuildFile; fileRef = 5D7AC0522BE1A971003EF2C9 /* AuthMainSnapshotTests.swift */; };
		5D8834B02BD07AF100A46774 /* FirebaseAuth in Frameworks */ = {isa = PBXBuildFile; productRef = 5D8834AF2BD07AF100A46774 /* FirebaseAuth */; settings = {ATTRIBUTES = (Required, ); }; };
		5D8834B22BD07B4A00A46774 /* FirebaseAnalytics in Frameworks */ = {isa = PBXBuildFile; productRef = 5D8834B12BD07B4A00A46774 /* FirebaseAnalytics */; settings = {ATTRIBUTES = (Required, ); }; };
		5D8834B42BD07B9900A46774 /* FirebaseFirestore in Frameworks */ = {isa = PBXBuildFile; productRef = 5D8834B32BD07B9900A46774 /* FirebaseFirestore */; settings = {ATTRIBUTES = (Required, ); }; };
		5D8834B82BD07C2300A46774 /* FirebaseRemoteConfig in Frameworks */ = {isa = PBXBuildFile; productRef = 5D8834B72BD07C2300A46774 /* FirebaseRemoteConfig */; settings = {ATTRIBUTES = (Required, ); }; };
		5D8834BC2BD07C6500A46774 /* GoogleSignIn in Frameworks */ = {isa = PBXBuildFile; productRef = 5D8834BB2BD07C6500A46774 /* GoogleSignIn */; settings = {ATTRIBUTES = (Required, ); }; };
		5D8834C02BD080FA00A46774 /* CharacterSet+Extension.swift in Sources */ = {isa = PBXBuildFile; fileRef = 5D8834BF2BD080FA00A46774 /* CharacterSet+Extension.swift */; };
		5D8834C32BD1CB6B00A46774 /* StringExtensionTests.swift in Sources */ = {isa = PBXBuildFile; fileRef = 5D8834C12BD1B62A00A46774 /* StringExtensionTests.swift */; };
		5D8834C62BD30C9600A46774 /* UIColorExtensionTests.swift in Sources */ = {isa = PBXBuildFile; fileRef = 5D8834C52BD30C9600A46774 /* UIColorExtensionTests.swift */; };
		5D8834C82BD3133E00A46774 /* UIButtonExtensionTests.swift in Sources */ = {isa = PBXBuildFile; fileRef = 5D8834C72BD3133E00A46774 /* UIButtonExtensionTests.swift */; };
		5D8834CC2BD3177800A46774 /* ProviderTypeTests.swift in Sources */ = {isa = PBXBuildFile; fileRef = 5D8834CB2BD3177800A46774 /* ProviderTypeTests.swift */; };
		5D8834CE2BD31BCD00A46774 /* SignUpErrorTests.swift in Sources */ = {isa = PBXBuildFile; fileRef = 5D8834CD2BD31BCD00A46774 /* SignUpErrorTests.swift */; };
		5D8834D02BD3208D00A46774 /* NetworkErrorFirebaseTests.swift in Sources */ = {isa = PBXBuildFile; fileRef = 5D8834CF2BD3208D00A46774 /* NetworkErrorFirebaseTests.swift */; };
		5D8834D22BD3271900A46774 /* AuthMainViewControllerTests.swift in Sources */ = {isa = PBXBuildFile; fileRef = 5D8834D12BD3271900A46774 /* AuthMainViewControllerTests.swift */; };
		5D9B18902BD5CC7E00E9903F /* AuthMainControllerTests.swift in Sources */ = {isa = PBXBuildFile; fileRef = 5D9B188F2BD5CC7E00E9903F /* AuthMainControllerTests.swift */; };
		5D9B18932BD9C1BD00E9903F /* AuthMainViewControllerMock.swift in Sources */ = {isa = PBXBuildFile; fileRef = 5D9B18922BD9C1BD00E9903F /* AuthMainViewControllerMock.swift */; };
		5DCE87ED2BC4641500F853B5 /* AppDelegate.swift in Sources */ = {isa = PBXBuildFile; fileRef = 5DCE87EC2BC4641500F853B5 /* AppDelegate.swift */; };
		5DCE87EF2BC4641500F853B5 /* SceneDelegate.swift in Sources */ = {isa = PBXBuildFile; fileRef = 5DCE87EE2BC4641500F853B5 /* SceneDelegate.swift */; };
		5DCE87F62BC4641800F853B5 /* Assets.xcassets in Resources */ = {isa = PBXBuildFile; fileRef = 5DCE87F52BC4641800F853B5 /* Assets.xcassets */; };
		5DCE87F92BC4641800F853B5 /* LaunchScreen.storyboard in Resources */ = {isa = PBXBuildFile; fileRef = 5DCE87F72BC4641800F853B5 /* LaunchScreen.storyboard */; };
		5DCE88042BC46BD500F853B5 /* FirebaseAnalytics in Frameworks */ = {isa = PBXBuildFile; productRef = 5DCE88032BC46BD500F853B5 /* FirebaseAnalytics */; };
		5DCE88062BC46BD500F853B5 /* FirebaseAnalyticsWithoutAdIdSupport in Frameworks */ = {isa = PBXBuildFile; productRef = 5DCE88052BC46BD500F853B5 /* FirebaseAnalyticsWithoutAdIdSupport */; };
		5DCE88082BC474BF00F853B5 /* AuthMainViewController.swift in Sources */ = {isa = PBXBuildFile; fileRef = 5DCE88072BC474BF00F853B5 /* AuthMainViewController.swift */; };
		5DCE880A2BC474DE00F853B5 /* AuthMain.storyboard in Resources */ = {isa = PBXBuildFile; fileRef = 5DCE88092BC474DE00F853B5 /* AuthMain.storyboard */; };
		5DCE880C2BC4756300F853B5 /* GardenGuideViewController.swift in Sources */ = {isa = PBXBuildFile; fileRef = 5DCE880B2BC4756300F853B5 /* GardenGuideViewController.swift */; };
		5DCE880E2BC4758600F853B5 /* GardenGuide.storyboard in Resources */ = {isa = PBXBuildFile; fileRef = 5DCE880D2BC4758600F853B5 /* GardenGuide.storyboard */; };
		5DCE88112BC4876E00F853B5 /* ProviderType.swift in Sources */ = {isa = PBXBuildFile; fileRef = 5DCE88102BC4876E00F853B5 /* ProviderType.swift */; };
		5DCE88172BC4A49900F853B5 /* FirebaseAuth in Frameworks */ = {isa = PBXBuildFile; productRef = 5DCE88162BC4A49900F853B5 /* FirebaseAuth */; };
		5DCE881A2BC5C69100F853B5 /* GoogleSignIn in Frameworks */ = {isa = PBXBuildFile; productRef = 5DCE88192BC5C69100F853B5 /* GoogleSignIn */; };
		5DCE881C2BC5C69100F853B5 /* GoogleSignInSwift in Frameworks */ = {isa = PBXBuildFile; productRef = 5DCE881B2BC5C69100F853B5 /* GoogleSignInSwift */; };
		5DCE881E2BC5C8C000F853B5 /* GoogleService-Info.plist in Resources */ = {isa = PBXBuildFile; fileRef = 5DCE881D2BC5C8C000F853B5 /* GoogleService-Info.plist */; };
		5DCE88402BC8547500F853B5 /* FirebaseCrashlytics in Frameworks */ = {isa = PBXBuildFile; productRef = 5DCE883F2BC8547500F853B5 /* FirebaseCrashlytics */; };
		5DCE88432BC86B4900F853B5 /* FirebaseRemoteConfig in Frameworks */ = {isa = PBXBuildFile; productRef = 5DCE88422BC86B4900F853B5 /* FirebaseRemoteConfig */; };
		5DCE88452BC86B4900F853B5 /* FirebaseRemoteConfigSwift in Frameworks */ = {isa = PBXBuildFile; productRef = 5DCE88442BC86B4900F853B5 /* FirebaseRemoteConfigSwift */; };
		5DCE88472BC8774900F853B5 /* FirebaseFirestore in Frameworks */ = {isa = PBXBuildFile; productRef = 5DCE88462BC8774900F853B5 /* FirebaseFirestore */; };
		5DCE88492BC8774900F853B5 /* FirebaseFirestoreSwift in Frameworks */ = {isa = PBXBuildFile; productRef = 5DCE88482BC8774900F853B5 /* FirebaseFirestoreSwift */; };
		5DCE884E2BC885AE00F853B5 /* AuthMainController.swift in Sources */ = {isa = PBXBuildFile; fileRef = 5DCE884D2BC885AE00F853B5 /* AuthMainController.swift */; };
		5DCE88522BC9ED1200F853B5 /* UIButton+Extension.swift in Sources */ = {isa = PBXBuildFile; fileRef = 5DCE88512BC9ED1200F853B5 /* UIButton+Extension.swift */; };
		5DCE88542BC9EEA200F853B5 /* UIColor+Extension.swift in Sources */ = {isa = PBXBuildFile; fileRef = 5DCE88532BC9EEA200F853B5 /* UIColor+Extension.swift */; };
		5DCE88562BCB261400F853B5 /* String+Extension.swift in Sources */ = {isa = PBXBuildFile; fileRef = 5DCE88552BCB261400F853B5 /* String+Extension.swift */; };
/* End PBXBuildFile section */

/* Begin PBXContainerItemProxy section */
		5D8834A82BD0712600A46774 /* PBXContainerItemProxy */ = {
			isa = PBXContainerItemProxy;
			containerPortal = 5DCE87E12BC4641500F853B5 /* Project object */;
			proxyType = 1;
			remoteGlobalIDString = 5DCE87E82BC4641500F853B5;
			remoteInfo = GardenGuide;
		};
/* End PBXContainerItemProxy section */

/* Begin PBXFileReference section */
		5D1461462BE2FAAA00E85D50 /* UserGardenViewController.swift */ = {isa = PBXFileReference; lastKnownFileType = sourcecode.swift; path = UserGardenViewController.swift; sourceTree = "<group>"; };
		5D1461482BE2FACE00E85D50 /* UserGarden.storyboard */ = {isa = PBXFileReference; lastKnownFileType = file.storyboard; path = UserGarden.storyboard; sourceTree = "<group>"; };
		5D14614B2BEAE30100E85D50 /* CollectionTabsView.swift */ = {isa = PBXFileReference; lastKnownFileType = sourcecode.swift; path = CollectionTabsView.swift; sourceTree = "<group>"; };
		5D14614E2BEAE39A00E85D50 /* PlantsFoundCollectionViewCell.swift */ = {isa = PBXFileReference; lastKnownFileType = sourcecode.swift; path = PlantsFoundCollectionViewCell.swift; sourceTree = "<group>"; };
		5D14614F2BEAE39A00E85D50 /* PlantsFoundCollectionViewCell.xib */ = {isa = PBXFileReference; lastKnownFileType = file.xib; path = PlantsFoundCollectionViewCell.xib; sourceTree = "<group>"; };
		5D1461522BEC185300E85D50 /* SimilarPlants.swift */ = {isa = PBXFileReference; lastKnownFileType = sourcecode.swift; path = SimilarPlants.swift; sourceTree = "<group>"; };
		5D1461542BEC198500E85D50 /* ResultOfSimilarPlants.swift */ = {isa = PBXFileReference; lastKnownFileType = sourcecode.swift; path = ResultOfSimilarPlants.swift; sourceTree = "<group>"; };
		5D1461562BEC1A4B00E85D50 /* IsPlant.swift */ = {isa = PBXFileReference; lastKnownFileType = sourcecode.swift; path = IsPlant.swift; sourceTree = "<group>"; };
		5D1461582BEC1C0400E85D50 /* SuggestedPlant.swift */ = {isa = PBXFileReference; lastKnownFileType = sourcecode.swift; path = SuggestedPlant.swift; sourceTree = "<group>"; };
		5D14615A2BEC1D0400E85D50 /* SimilarImage.swift */ = {isa = PBXFileReference; lastKnownFileType = sourcecode.swift; path = SimilarImage.swift; sourceTree = "<group>"; };
		5D14615C2BEC1D9700E85D50 /* PlantDetails.swift */ = {isa = PBXFileReference; lastKnownFileType = sourcecode.swift; path = PlantDetails.swift; sourceTree = "<group>"; };
		5D14615E2BEC211800E85D50 /* Watered.swift */ = {isa = PBXFileReference; lastKnownFileType = sourcecode.swift; path = Watered.swift; sourceTree = "<group>"; };
		5D1461622BEC22DC00E85D50 /* PlantsByImageSearch.swift */ = {isa = PBXFileReference; lastKnownFileType = sourcecode.swift; path = PlantsByImageSearch.swift; sourceTree = "<group>"; };
		5D1461652BEC24E800E85D50 /* PlantResultByImageSearch.json */ = {isa = PBXFileReference; lastKnownFileType = text.json; path = PlantResultByImageSearch.json; sourceTree = "<group>"; };
		5D1461672BEC260D00E85D50 /* SearchViewProvider.swift */ = {isa = PBXFileReference; lastKnownFileType = sourcecode.swift; path = SearchViewProvider.swift; sourceTree = "<group>"; };
		5D1461692BEC264500E85D50 /* SearchViewProviderMock.swift */ = {isa = PBXFileReference; lastKnownFileType = sourcecode.swift; path = SearchViewProviderMock.swift; sourceTree = "<group>"; };
		5D14616B2BEC288B00E85D50 /* Utils.swift */ = {isa = PBXFileReference; lastKnownFileType = sourcecode.swift; path = Utils.swift; sourceTree = "<group>"; };
		5D14616E2BEC296100E85D50 /* NetworkError.swift */ = {isa = PBXFileReference; lastKnownFileType = sourcecode.swift; path = NetworkError.swift; sourceTree = "<group>"; };
		5D1461702BEC330C00E85D50 /* SearchViewController.swift */ = {isa = PBXFileReference; lastKnownFileType = sourcecode.swift; path = SearchViewController.swift; sourceTree = "<group>"; };
		5D1461722BED61DC00E85D50 /* Intent1.json */ = {isa = PBXFileReference; lastKnownFileType = text.json; path = Intent1.json; sourceTree = "<group>"; };
		5D1461742BED621B00E85D50 /* Intent2.json */ = {isa = PBXFileReference; lastKnownFileType = text.json; path = Intent2.json; sourceTree = "<group>"; };
		5D1461752BED69B900E85D50 /* SectionHeaderView.swift */ = {isa = PBXFileReference; lastKnownFileType = sourcecode.swift; path = SectionHeaderView.swift; sourceTree = "<group>"; };
		5D7A65FA2BCDB8A100BE0341 /* SignUpError.swift */ = {isa = PBXFileReference; lastKnownFileType = sourcecode.swift; path = SignUpError.swift; sourceTree = "<group>"; };
		5D7A65FC2BCDB91D00BE0341 /* NetworkErrorFirebase.swift */ = {isa = PBXFileReference; lastKnownFileType = sourcecode.swift; path = NetworkErrorFirebase.swift; sourceTree = "<group>"; };
		5D7AC0522BE1A971003EF2C9 /* AuthMainSnapshotTests.swift */ = {isa = PBXFileReference; lastKnownFileType = sourcecode.swift; path = AuthMainSnapshotTests.swift; sourceTree = "<group>"; };
		5D8834A42BD0712600A46774 /* GardenGuideTests.xctest */ = {isa = PBXFileReference; explicitFileType = wrapper.cfbundle; includeInIndex = 0; path = GardenGuideTests.xctest; sourceTree = BUILT_PRODUCTS_DIR; };
		5D8834BF2BD080FA00A46774 /* CharacterSet+Extension.swift */ = {isa = PBXFileReference; lastKnownFileType = sourcecode.swift; path = "CharacterSet+Extension.swift"; sourceTree = "<group>"; };
		5D8834C12BD1B62A00A46774 /* StringExtensionTests.swift */ = {isa = PBXFileReference; lastKnownFileType = sourcecode.swift; path = StringExtensionTests.swift; sourceTree = "<group>"; };
		5D8834C52BD30C9600A46774 /* UIColorExtensionTests.swift */ = {isa = PBXFileReference; lastKnownFileType = sourcecode.swift; path = UIColorExtensionTests.swift; sourceTree = "<group>"; };
		5D8834C72BD3133E00A46774 /* UIButtonExtensionTests.swift */ = {isa = PBXFileReference; lastKnownFileType = sourcecode.swift; path = UIButtonExtensionTests.swift; sourceTree = "<group>"; };
		5D8834CB2BD3177800A46774 /* ProviderTypeTests.swift */ = {isa = PBXFileReference; lastKnownFileType = sourcecode.swift; path = ProviderTypeTests.swift; sourceTree = "<group>"; };
		5D8834CD2BD31BCD00A46774 /* SignUpErrorTests.swift */ = {isa = PBXFileReference; lastKnownFileType = sourcecode.swift; path = SignUpErrorTests.swift; sourceTree = "<group>"; };
		5D8834CF2BD3208D00A46774 /* NetworkErrorFirebaseTests.swift */ = {isa = PBXFileReference; lastKnownFileType = sourcecode.swift; path = NetworkErrorFirebaseTests.swift; sourceTree = "<group>"; };
		5D8834D12BD3271900A46774 /* AuthMainViewControllerTests.swift */ = {isa = PBXFileReference; lastKnownFileType = sourcecode.swift; path = AuthMainViewControllerTests.swift; sourceTree = "<group>"; };
		5D9B188F2BD5CC7E00E9903F /* AuthMainControllerTests.swift */ = {isa = PBXFileReference; lastKnownFileType = sourcecode.swift; path = AuthMainControllerTests.swift; sourceTree = "<group>"; };
		5D9B18922BD9C1BD00E9903F /* AuthMainViewControllerMock.swift */ = {isa = PBXFileReference; lastKnownFileType = sourcecode.swift; path = AuthMainViewControllerMock.swift; sourceTree = "<group>"; };
		5DCE87E92BC4641500F853B5 /* GardenGuide.app */ = {isa = PBXFileReference; explicitFileType = wrapper.application; includeInIndex = 0; path = GardenGuide.app; sourceTree = BUILT_PRODUCTS_DIR; };
		5DCE87EC2BC4641500F853B5 /* AppDelegate.swift */ = {isa = PBXFileReference; lastKnownFileType = sourcecode.swift; path = AppDelegate.swift; sourceTree = "<group>"; };
		5DCE87EE2BC4641500F853B5 /* SceneDelegate.swift */ = {isa = PBXFileReference; lastKnownFileType = sourcecode.swift; path = SceneDelegate.swift; sourceTree = "<group>"; };
		5DCE87F52BC4641800F853B5 /* Assets.xcassets */ = {isa = PBXFileReference; lastKnownFileType = folder.assetcatalog; path = Assets.xcassets; sourceTree = "<group>"; };
		5DCE87F82BC4641800F853B5 /* Base */ = {isa = PBXFileReference; lastKnownFileType = file.storyboard; name = Base; path = Base.lproj/LaunchScreen.storyboard; sourceTree = "<group>"; };
		5DCE87FA2BC4641800F853B5 /* Info.plist */ = {isa = PBXFileReference; lastKnownFileType = text.plist.xml; path = Info.plist; sourceTree = "<group>"; };
		5DCE88072BC474BF00F853B5 /* AuthMainViewController.swift */ = {isa = PBXFileReference; lastKnownFileType = sourcecode.swift; path = AuthMainViewController.swift; sourceTree = "<group>"; };
		5DCE88092BC474DE00F853B5 /* AuthMain.storyboard */ = {isa = PBXFileReference; lastKnownFileType = file.storyboard; path = AuthMain.storyboard; sourceTree = "<group>"; };
		5DCE880B2BC4756300F853B5 /* GardenGuideViewController.swift */ = {isa = PBXFileReference; lastKnownFileType = sourcecode.swift; path = GardenGuideViewController.swift; sourceTree = "<group>"; };
		5DCE880D2BC4758600F853B5 /* GardenGuide.storyboard */ = {isa = PBXFileReference; lastKnownFileType = file.storyboard; path = GardenGuide.storyboard; sourceTree = "<group>"; };
		5DCE88102BC4876E00F853B5 /* ProviderType.swift */ = {isa = PBXFileReference; lastKnownFileType = sourcecode.swift; path = ProviderType.swift; sourceTree = "<group>"; };
		5DCE881D2BC5C8C000F853B5 /* GoogleService-Info.plist */ = {isa = PBXFileReference; fileEncoding = 4; lastKnownFileType = text.plist.xml; name = "GoogleService-Info.plist"; path = "../../../../../Downloads/GoogleService-Info.plist"; sourceTree = "<group>"; };
		5DCE884D2BC885AE00F853B5 /* AuthMainController.swift */ = {isa = PBXFileReference; lastKnownFileType = sourcecode.swift; path = AuthMainController.swift; sourceTree = "<group>"; };
		5DCE88512BC9ED1200F853B5 /* UIButton+Extension.swift */ = {isa = PBXFileReference; lastKnownFileType = sourcecode.swift; path = "UIButton+Extension.swift"; sourceTree = "<group>"; };
		5DCE88532BC9EEA200F853B5 /* UIColor+Extension.swift */ = {isa = PBXFileReference; lastKnownFileType = sourcecode.swift; path = "UIColor+Extension.swift"; sourceTree = "<group>"; };
		5DCE88552BCB261400F853B5 /* String+Extension.swift */ = {isa = PBXFileReference; lastKnownFileType = sourcecode.swift; path = "String+Extension.swift"; sourceTree = "<group>"; };
/* End PBXFileReference section */

/* Begin PBXFrameworksBuildPhase section */
		5D8834A12BD0712600A46774 /* Frameworks */ = {
			isa = PBXFrameworksBuildPhase;
			buildActionMask = 2147483647;
			files = (
				5D8834B22BD07B4A00A46774 /* FirebaseAnalytics in Frameworks */,
				5D8834B02BD07AF100A46774 /* FirebaseAuth in Frameworks */,
				5D8834B42BD07B9900A46774 /* FirebaseFirestore in Frameworks */,
				5D7AC0502BE1A8B3003EF2C9 /* SnapshotTesting in Frameworks */,
				5D8834B82BD07C2300A46774 /* FirebaseRemoteConfig in Frameworks */,
				5D7AC04E2BE1A8B3003EF2C9 /* InlineSnapshotTesting in Frameworks */,
				5D8834BC2BD07C6500A46774 /* GoogleSignIn in Frameworks */,
			);
			runOnlyForDeploymentPostprocessing = 0;
		};
		5DCE87E62BC4641500F853B5 /* Frameworks */ = {
			isa = PBXFrameworksBuildPhase;
			buildActionMask = 2147483647;
			files = (
				5DCE881C2BC5C69100F853B5 /* GoogleSignInSwift in Frameworks */,
				5DCE88452BC86B4900F853B5 /* FirebaseRemoteConfigSwift in Frameworks */,
				5DCE88042BC46BD500F853B5 /* FirebaseAnalytics in Frameworks */,
				5DCE881A2BC5C69100F853B5 /* GoogleSignIn in Frameworks */,
				5DCE88432BC86B4900F853B5 /* FirebaseRemoteConfig in Frameworks */,
				5DCE88492BC8774900F853B5 /* FirebaseFirestoreSwift in Frameworks */,
				5DCE88472BC8774900F853B5 /* FirebaseFirestore in Frameworks */,
				5DCE88402BC8547500F853B5 /* FirebaseCrashlytics in Frameworks */,
				5DCE88172BC4A49900F853B5 /* FirebaseAuth in Frameworks */,
				5DCE88062BC46BD500F853B5 /* FirebaseAnalyticsWithoutAdIdSupport in Frameworks */,
			);
			runOnlyForDeploymentPostprocessing = 0;
		};
/* End PBXFrameworksBuildPhase section */

/* Begin PBXGroup section */
		5D14613E2BE2F8B300E85D50 /* SearchView */ = {
			isa = PBXGroup;
			children = (
				5D1461422BE2F92F00E85D50 /* Controller */,
				5D1461412BE2F92800E85D50 /* View */,
				5D1461402BE2F91800E85D50 /* Model */,
			);
			path = SearchView;
			sourceTree = "<group>";
		};
		5D14613F2BE2F8E300E85D50 /* UserGardenView */ = {
			isa = PBXGroup;
			children = (
				5D1461452BE2F94900E85D50 /* Controller */,
				5D1461442BE2F94100E85D50 /* View */,
				5D1461432BE2F93900E85D50 /* Model */,
			);
			path = UserGardenView;
			sourceTree = "<group>";
		};
		5D1461402BE2F91800E85D50 /* Model */ = {
			isa = PBXGroup;
			children = (
				5D1461662BEC257200E85D50 /* Provider */,
				5D1461622BEC22DC00E85D50 /* PlantsByImageSearch.swift */,
			);
			path = Model;
			sourceTree = "<group>";
		};
		5D1461412BE2F92800E85D50 /* View */ = {
			isa = PBXGroup;
			children = (
				5D14614A2BEAE27C00E85D50 /* CollectionView */,
				5DCE880B2BC4756300F853B5 /* GardenGuideViewController.swift */,
			);
			path = View;
			sourceTree = "<group>";
		};
		5D1461422BE2F92F00E85D50 /* Controller */ = {
			isa = PBXGroup;
			children = (
				5D1461702BEC330C00E85D50 /* SearchViewController.swift */,
			);
			path = Controller;
			sourceTree = "<group>";
		};
		5D1461432BE2F93900E85D50 /* Model */ = {
			isa = PBXGroup;
			children = (
			);
			path = Model;
			sourceTree = "<group>";
		};
		5D1461442BE2F94100E85D50 /* View */ = {
			isa = PBXGroup;
			children = (
				5D1461462BE2FAAA00E85D50 /* UserGardenViewController.swift */,
				5D1461482BE2FACE00E85D50 /* UserGarden.storyboard */,
			);
			path = View;
			sourceTree = "<group>";
		};
		5D1461452BE2F94900E85D50 /* Controller */ = {
			isa = PBXGroup;
			children = (
			);
			path = Controller;
			sourceTree = "<group>";
		};
		5D14614A2BEAE27C00E85D50 /* CollectionView */ = {
			isa = PBXGroup;
			children = (
				5D14614D2BEAE33000E85D50 /* CustomCell */,
				5D14614B2BEAE30100E85D50 /* CollectionTabsView.swift */,
			);
			path = CollectionView;
			sourceTree = "<group>";
		};
		5D14614D2BEAE33000E85D50 /* CustomCell */ = {
			isa = PBXGroup;
			children = (
				5D14614E2BEAE39A00E85D50 /* PlantsFoundCollectionViewCell.swift */,
				5D14614F2BEAE39A00E85D50 /* PlantsFoundCollectionViewCell.xib */,
				5D1461752BED69B900E85D50 /* SectionHeaderView.swift */,
			);
			path = CustomCell;
			sourceTree = "<group>";
		};
		5D1461602BEC21AB00E85D50 /* Model */ = {
			isa = PBXGroup;
			children = (
				5D1461612BEC21EF00E85D50 /* PlantsPerImage */,
			);
			path = Model;
			sourceTree = "<group>";
		};
		5D1461612BEC21EF00E85D50 /* PlantsPerImage */ = {
			isa = PBXGroup;
			children = (
				5D1461522BEC185300E85D50 /* SimilarPlants.swift */,
				5D1461542BEC198500E85D50 /* ResultOfSimilarPlants.swift */,
				5D1461562BEC1A4B00E85D50 /* IsPlant.swift */,
				5D1461582BEC1C0400E85D50 /* SuggestedPlant.swift */,
				5D14615A2BEC1D0400E85D50 /* SimilarImage.swift */,
				5D14615C2BEC1D9700E85D50 /* PlantDetails.swift */,
				5D14615E2BEC211800E85D50 /* Watered.swift */,
			);
			path = PlantsPerImage;
			sourceTree = "<group>";
		};
		5D1461642BEC246F00E85D50 /* Mock */ = {
			isa = PBXGroup;
			children = (
				5D1461652BEC24E800E85D50 /* PlantResultByImageSearch.json */,
				5D1461722BED61DC00E85D50 /* Intent1.json */,
				5D1461742BED621B00E85D50 /* Intent2.json */,
			);
			path = Mock;
			sourceTree = "<group>";
		};
		5D1461662BEC257200E85D50 /* Provider */ = {
			isa = PBXGroup;
			children = (
				5D1461672BEC260D00E85D50 /* SearchViewProvider.swift */,
				5D1461692BEC264500E85D50 /* SearchViewProviderMock.swift */,
			);
			path = Provider;
			sourceTree = "<group>";
		};
		5D14616D2BEC292C00E85D50 /* ServiceLayer */ = {
			isa = PBXGroup;
			children = (
				5D14616E2BEC296100E85D50 /* NetworkError.swift */,
			);
			path = ServiceLayer;
			sourceTree = "<group>";
		};
		5D7AC0512BE1A900003EF2C9 /* SnapshopTests */ = {
			isa = PBXGroup;
			children = (
				5D7AC0522BE1A971003EF2C9 /* AuthMainSnapshotTests.swift */,
			);
			path = SnapshopTests;
			sourceTree = "<group>";
		};
		5D8834A52BD0712600A46774 /* GardenGuideTests */ = {
			isa = PBXGroup;
			children = (
				5D8834CA2BD316DF00A46774 /* LoginAuthTests */,
				5D8834C92BD316C100A46774 /* ExtensionsTests */,
			);
			path = GardenGuideTests;
			sourceTree = "<group>";
		};
		5D8834C92BD316C100A46774 /* ExtensionsTests */ = {
			isa = PBXGroup;
			children = (
				5D8834C12BD1B62A00A46774 /* StringExtensionTests.swift */,
				5D8834C52BD30C9600A46774 /* UIColorExtensionTests.swift */,
				5D8834C72BD3133E00A46774 /* UIButtonExtensionTests.swift */,
			);
			path = ExtensionsTests;
			sourceTree = "<group>";
		};
		5D8834CA2BD316DF00A46774 /* LoginAuthTests */ = {
			isa = PBXGroup;
			children = (
				5D7AC0512BE1A900003EF2C9 /* SnapshopTests */,
				5D9B18912BD9C03F00E9903F /* Mocks */,
				5D8834CB2BD3177800A46774 /* ProviderTypeTests.swift */,
				5D8834CD2BD31BCD00A46774 /* SignUpErrorTests.swift */,
				5D8834CF2BD3208D00A46774 /* NetworkErrorFirebaseTests.swift */,
				5D8834D12BD3271900A46774 /* AuthMainViewControllerTests.swift */,
				5D9B188F2BD5CC7E00E9903F /* AuthMainControllerTests.swift */,
			);
			path = LoginAuthTests;
			sourceTree = "<group>";
		};
		5D9B18912BD9C03F00E9903F /* Mocks */ = {
			isa = PBXGroup;
			children = (
				5D9B18922BD9C1BD00E9903F /* AuthMainViewControllerMock.swift */,
			);
			path = Mocks;
			sourceTree = "<group>";
		};
		5DCE87E02BC4641500F853B5 = {
			isa = PBXGroup;
			children = (
				5DCE87EB2BC4641500F853B5 /* GardenGuide */,
				5D8834A52BD0712600A46774 /* GardenGuideTests */,
				5DCE87EA2BC4641500F853B5 /* Products */,
				5DCE88152BC4A49900F853B5 /* Frameworks */,
			);
			sourceTree = "<group>";
		};
		5DCE87EA2BC4641500F853B5 /* Products */ = {
			isa = PBXGroup;
			children = (
				5DCE87E92BC4641500F853B5 /* GardenGuide.app */,
				5D8834A42BD0712600A46774 /* GardenGuideTests.xctest */,
			);
			name = Products;
			sourceTree = "<group>";
		};
		5DCE87EB2BC4641500F853B5 /* GardenGuide */ = {
			isa = PBXGroup;
			children = (
				5D14616D2BEC292C00E85D50 /* ServiceLayer */,
				5D1461602BEC21AB00E85D50 /* Model */,
				5D14613F2BE2F8E300E85D50 /* UserGardenView */,
				5D14613E2BE2F8B300E85D50 /* SearchView */,
				5DCE884F2BC9ECD800F853B5 /* Utils */,
				5DCE880F2BC47EFB00F853B5 /* LoginAuth */,
				5DCE87EC2BC4641500F853B5 /* AppDelegate.swift */,
				5DCE87EE2BC4641500F853B5 /* SceneDelegate.swift */,
				5DCE87F52BC4641800F853B5 /* Assets.xcassets */,
				5DCE87F72BC4641800F853B5 /* LaunchScreen.storyboard */,
				5DCE87FA2BC4641800F853B5 /* Info.plist */,
				5DCE881D2BC5C8C000F853B5 /* GoogleService-Info.plist */,
				5DCE880D2BC4758600F853B5 /* GardenGuide.storyboard */,
			);
			path = GardenGuide;
			sourceTree = "<group>";
		};
		5DCE880F2BC47EFB00F853B5 /* LoginAuth */ = {
			isa = PBXGroup;
			children = (
				5DCE884C2BC8857300F853B5 /* Controller */,
				5DCE884B2BC8856900F853B5 /* View */,
				5DCE884A2BC8855A00F853B5 /* Model */,
			);
			path = LoginAuth;
			sourceTree = "<group>";
		};
		5DCE88152BC4A49900F853B5 /* Frameworks */ = {
			isa = PBXGroup;
			children = (
			);
			name = Frameworks;
			sourceTree = "<group>";
		};
		5DCE884A2BC8855A00F853B5 /* Model */ = {
			isa = PBXGroup;
			children = (
				5DCE88102BC4876E00F853B5 /* ProviderType.swift */,
				5D7A65FA2BCDB8A100BE0341 /* SignUpError.swift */,
				5D7A65FC2BCDB91D00BE0341 /* NetworkErrorFirebase.swift */,
			);
			path = Model;
			sourceTree = "<group>";
		};
		5DCE884B2BC8856900F853B5 /* View */ = {
			isa = PBXGroup;
			children = (
				5DCE88072BC474BF00F853B5 /* AuthMainViewController.swift */,
				5DCE88092BC474DE00F853B5 /* AuthMain.storyboard */,
			);
			path = View;
			sourceTree = "<group>";
		};
		5DCE884C2BC8857300F853B5 /* Controller */ = {
			isa = PBXGroup;
			children = (
				5DCE884D2BC885AE00F853B5 /* AuthMainController.swift */,
			);
			path = Controller;
			sourceTree = "<group>";
		};
		5DCE884F2BC9ECD800F853B5 /* Utils */ = {
			isa = PBXGroup;
			children = (
				5D1461642BEC246F00E85D50 /* Mock */,
				5DCE88502BC9ECFA00F853B5 /* Extensions */,
				5D14616B2BEC288B00E85D50 /* Utils.swift */,
			);
			path = Utils;
			sourceTree = "<group>";
		};
		5DCE88502BC9ECFA00F853B5 /* Extensions */ = {
			isa = PBXGroup;
			children = (
				5DCE88512BC9ED1200F853B5 /* UIButton+Extension.swift */,
				5DCE88532BC9EEA200F853B5 /* UIColor+Extension.swift */,
				5DCE88552BCB261400F853B5 /* String+Extension.swift */,
				5D8834BF2BD080FA00A46774 /* CharacterSet+Extension.swift */,
			);
			path = Extensions;
			sourceTree = "<group>";
		};
/* End PBXGroup section */

/* Begin PBXNativeTarget section */
		5D8834A32BD0712600A46774 /* GardenGuideTests */ = {
			isa = PBXNativeTarget;
			buildConfigurationList = 5D8834AC2BD0712600A46774 /* Build configuration list for PBXNativeTarget "GardenGuideTests" */;
			buildPhases = (
				5D8834A02BD0712600A46774 /* Sources */,
				5D8834A12BD0712600A46774 /* Frameworks */,
				5D8834A22BD0712600A46774 /* Resources */,
			);
			buildRules = (
			);
			dependencies = (
				5D8834A92BD0712600A46774 /* PBXTargetDependency */,
			);
			name = GardenGuideTests;
			packageProductDependencies = (
				5D8834AF2BD07AF100A46774 /* FirebaseAuth */,
				5D8834B12BD07B4A00A46774 /* FirebaseAnalytics */,
				5D8834B32BD07B9900A46774 /* FirebaseFirestore */,
				5D8834B72BD07C2300A46774 /* FirebaseRemoteConfig */,
				5D8834BB2BD07C6500A46774 /* GoogleSignIn */,
				5D7AC04D2BE1A8B3003EF2C9 /* InlineSnapshotTesting */,
				5D7AC04F2BE1A8B3003EF2C9 /* SnapshotTesting */,
			);
			productName = GardenGuideTests;
			productReference = 5D8834A42BD0712600A46774 /* GardenGuideTests.xctest */;
			productType = "com.apple.product-type.bundle.unit-test";
		};
		5DCE87E82BC4641500F853B5 /* GardenGuide */ = {
			isa = PBXNativeTarget;
			buildConfigurationList = 5DCE87FD2BC4641800F853B5 /* Build configuration list for PBXNativeTarget "GardenGuide" */;
			buildPhases = (
				5DCE87E52BC4641500F853B5 /* Sources */,
				5DCE87E62BC4641500F853B5 /* Frameworks */,
				5DCE87E72BC4641500F853B5 /* Resources */,
				5DCE88412BC85DB000F853B5 /* ShellScript */,
			);
			buildRules = (
			);
			dependencies = (
			);
			name = GardenGuide;
			packageProductDependencies = (
				5DCE88032BC46BD500F853B5 /* FirebaseAnalytics */,
				5DCE88052BC46BD500F853B5 /* FirebaseAnalyticsWithoutAdIdSupport */,
				5DCE88162BC4A49900F853B5 /* FirebaseAuth */,
				5DCE88192BC5C69100F853B5 /* GoogleSignIn */,
				5DCE881B2BC5C69100F853B5 /* GoogleSignInSwift */,
				5DCE883F2BC8547500F853B5 /* FirebaseCrashlytics */,
				5DCE88422BC86B4900F853B5 /* FirebaseRemoteConfig */,
				5DCE88442BC86B4900F853B5 /* FirebaseRemoteConfigSwift */,
				5DCE88462BC8774900F853B5 /* FirebaseFirestore */,
				5DCE88482BC8774900F853B5 /* FirebaseFirestoreSwift */,
			);
			productName = GardenGuide;
			productReference = 5DCE87E92BC4641500F853B5 /* GardenGuide.app */;
			productType = "com.apple.product-type.application";
		};
/* End PBXNativeTarget section */

/* Begin PBXProject section */
		5DCE87E12BC4641500F853B5 /* Project object */ = {
			isa = PBXProject;
			attributes = {
				BuildIndependentTargetsInParallel = 1;
				LastSwiftUpdateCheck = 1430;
				LastUpgradeCheck = 1430;
				TargetAttributes = {
					5D8834A32BD0712600A46774 = {
						CreatedOnToolsVersion = 14.3.1;
						LastSwiftMigration = 1430;
						TestTargetID = 5DCE87E82BC4641500F853B5;
					};
					5DCE87E82BC4641500F853B5 = {
						CreatedOnToolsVersion = 14.3.1;
					};
				};
			};
			buildConfigurationList = 5DCE87E42BC4641500F853B5 /* Build configuration list for PBXProject "GardenGuide" */;
			compatibilityVersion = "Xcode 14.0";
			developmentRegion = en;
			hasScannedForEncodings = 0;
			knownRegions = (
				en,
				Base,
			);
			mainGroup = 5DCE87E02BC4641500F853B5;
			packageReferences = (
				5DCE88022BC46BD500F853B5 /* XCRemoteSwiftPackageReference "firebase-ios-sdk" */,
				5DCE88182BC5C69100F853B5 /* XCRemoteSwiftPackageReference "GoogleSignIn-iOS" */,
				5D7AC04C2BE1A8B3003EF2C9 /* XCRemoteSwiftPackageReference "swift-snapshot-testing" */,
			);
			productRefGroup = 5DCE87EA2BC4641500F853B5 /* Products */;
			projectDirPath = "";
			projectRoot = "";
			targets = (
				5DCE87E82BC4641500F853B5 /* GardenGuide */,
				5D8834A32BD0712600A46774 /* GardenGuideTests */,
			);
		};
/* End PBXProject section */

/* Begin PBXResourcesBuildPhase section */
		5D8834A22BD0712600A46774 /* Resources */ = {
			isa = PBXResourcesBuildPhase;
			buildActionMask = 2147483647;
			files = (
			);
			runOnlyForDeploymentPostprocessing = 0;
		};
		5DCE87E72BC4641500F853B5 /* Resources */ = {
			isa = PBXResourcesBuildPhase;
			buildActionMask = 2147483647;
			files = (
				5D1461512BEAE39A00E85D50 /* PlantsFoundCollectionViewCell.xib in Resources */,
				5DCE87F92BC4641800F853B5 /* LaunchScreen.storyboard in Resources */,
				5DCE880A2BC474DE00F853B5 /* AuthMain.storyboard in Resources */,
				5DCE87F62BC4641800F853B5 /* Assets.xcassets in Resources */,
				5DCE880E2BC4758600F853B5 /* GardenGuide.storyboard in Resources */,
				5D1461492BE2FACE00E85D50 /* UserGarden.storyboard in Resources */,
				5DCE881E2BC5C8C000F853B5 /* GoogleService-Info.plist in Resources */,
				5D1461732BED61DC00E85D50 /* Intent1.json in Resources */,
			);
			runOnlyForDeploymentPostprocessing = 0;
		};
/* End PBXResourcesBuildPhase section */

/* Begin PBXShellScriptBuildPhase section */
		5DCE88412BC85DB000F853B5 /* ShellScript */ = {
			isa = PBXShellScriptBuildPhase;
			buildActionMask = 2147483647;
			files = (
			);
			inputFileListPaths = (
			);
			inputPaths = (
				"${DWARF_DSYM_FOLDER_PATH}/${DWARF_DSYM_FILE_NAME}",
				"${DWARF_DSYM_FOLDER_PATH}/${DWARF_DSYM_FILE_NAME}/Contents/Resources/DWARF/${PRODUCT_NAME}",
				"${DWARF_DSYM_FOLDER_PATH}/${DWARF_DSYM_FILE_NAME}/Contents/Info.plist",
				"$(TARGET_BUILD_DIR)/$(UNLOCALIZED_RESOURCES_FOLDER_PATH)/GoogleService-Info.plist",
				"$(SRCROOT)/$(TARGET_BUILD_DIR)/$(EXECUTABLE_PATH)",
			);
			outputFileListPaths = (
			);
			outputPaths = (
			);
			runOnlyForDeploymentPostprocessing = 0;
			shellPath = /bin/sh;
			shellScript = "# Type a script or drag a script file from your workspace to insert its path.\n\"${BUILD_DIR%/Build/*}/SourcePackages/checkouts/firebase-ios-sdk/Crashlytics/run\"\n";
		};
/* End PBXShellScriptBuildPhase section */

/* Begin PBXSourcesBuildPhase section */
		5D8834A02BD0712600A46774 /* Sources */ = {
			isa = PBXSourcesBuildPhase;
			buildActionMask = 2147483647;
			files = (
				5D8834C32BD1CB6B00A46774 /* StringExtensionTests.swift in Sources */,
				5D8834C62BD30C9600A46774 /* UIColorExtensionTests.swift in Sources */,
				5D7AC0532BE1A971003EF2C9 /* AuthMainSnapshotTests.swift in Sources */,
				5D8834CC2BD3177800A46774 /* ProviderTypeTests.swift in Sources */,
				5D9B18932BD9C1BD00E9903F /* AuthMainViewControllerMock.swift in Sources */,
				5D8834C82BD3133E00A46774 /* UIButtonExtensionTests.swift in Sources */,
				5D8834D02BD3208D00A46774 /* NetworkErrorFirebaseTests.swift in Sources */,
				5D8834CE2BD31BCD00A46774 /* SignUpErrorTests.swift in Sources */,
				5D9B18902BD5CC7E00E9903F /* AuthMainControllerTests.swift in Sources */,
				5D8834D22BD3271900A46774 /* AuthMainViewControllerTests.swift in Sources */,
			);
			runOnlyForDeploymentPostprocessing = 0;
		};
		5DCE87E52BC4641500F853B5 /* Sources */ = {
			isa = PBXSourcesBuildPhase;
			buildActionMask = 2147483647;
			files = (
				5D7A65FB2BCDB8A100BE0341 /* SignUpError.swift in Sources */,
				5D14615B2BEC1D0400E85D50 /* SimilarImage.swift in Sources */,
				5D1461572BEC1A4B00E85D50 /* IsPlant.swift in Sources */,
				5D1461532BEC185300E85D50 /* SimilarPlants.swift in Sources */,
				5D7A65FD2BCDB91D00BE0341 /* NetworkErrorFirebase.swift in Sources */,
				5D14616C2BEC288B00E85D50 /* Utils.swift in Sources */,
				5D14616F2BEC296100E85D50 /* NetworkError.swift in Sources */,
				5D14615D2BEC1D9700E85D50 /* PlantDetails.swift in Sources */,
				5D14616A2BEC264500E85D50 /* SearchViewProviderMock.swift in Sources */,
				5DCE88082BC474BF00F853B5 /* AuthMainViewController.swift in Sources */,
				5DCE88562BCB261400F853B5 /* String+Extension.swift in Sources */,
				5D14614C2BEAE30100E85D50 /* CollectionTabsView.swift in Sources */,
				5D1461592BEC1C0400E85D50 /* SuggestedPlant.swift in Sources */,
				5D8834C02BD080FA00A46774 /* CharacterSet+Extension.swift in Sources */,
				5D1461472BE2FAAA00E85D50 /* UserGardenViewController.swift in Sources */,
				5D1461762BED69B900E85D50 /* SectionHeaderView.swift in Sources */,
				5DCE88112BC4876E00F853B5 /* ProviderType.swift in Sources */,
				5D1461552BEC198500E85D50 /* ResultOfSimilarPlants.swift in Sources */,
				5D1461632BEC22DC00E85D50 /* PlantsByImageSearch.swift in Sources */,
				5DCE880C2BC4756300F853B5 /* GardenGuideViewController.swift in Sources */,
				5DCE87ED2BC4641500F853B5 /* AppDelegate.swift in Sources */,
				5D14615F2BEC211800E85D50 /* Watered.swift in Sources */,
				5DCE884E2BC885AE00F853B5 /* AuthMainController.swift in Sources */,
				5D1461712BEC330C00E85D50 /* SearchViewController.swift in Sources */,
				5D1461502BEAE39A00E85D50 /* PlantsFoundCollectionViewCell.swift in Sources */,
				5DCE87EF2BC4641500F853B5 /* SceneDelegate.swift in Sources */,
				5DCE88522BC9ED1200F853B5 /* UIButton+Extension.swift in Sources */,
				5DCE88542BC9EEA200F853B5 /* UIColor+Extension.swift in Sources */,
				5D1461682BEC260D00E85D50 /* SearchViewProvider.swift in Sources */,
			);
			runOnlyForDeploymentPostprocessing = 0;
		};
/* End PBXSourcesBuildPhase section */

/* Begin PBXTargetDependency section */
		5D8834A92BD0712600A46774 /* PBXTargetDependency */ = {
			isa = PBXTargetDependency;
			target = 5DCE87E82BC4641500F853B5 /* GardenGuide */;
			targetProxy = 5D8834A82BD0712600A46774 /* PBXContainerItemProxy */;
		};
/* End PBXTargetDependency section */

/* Begin PBXVariantGroup section */
		5DCE87F72BC4641800F853B5 /* LaunchScreen.storyboard */ = {
			isa = PBXVariantGroup;
			children = (
				5DCE87F82BC4641800F853B5 /* Base */,
			);
			name = LaunchScreen.storyboard;
			sourceTree = "<group>";
		};
/* End PBXVariantGroup section */

/* Begin XCBuildConfiguration section */
		5D8834AA2BD0712600A46774 /* Debug */ = {
			isa = XCBuildConfiguration;
			buildSettings = {
				BUNDLE_LOADER = "$(TEST_HOST)";
				CLANG_ENABLE_MODULES = YES;
				CODE_SIGN_STYLE = Automatic;
				CURRENT_PROJECT_VERSION = 1;
				DEBUG_INFORMATION_FORMAT = dwarf;
				GENERATE_INFOPLIST_FILE = YES;
				MARKETING_VERSION = 1.0;
				PRODUCT_BUNDLE_IDENTIFIER = DonovanZJaimes.GardenGuideTests;
				PRODUCT_NAME = "$(TARGET_NAME)";
				SWIFT_EMIT_LOC_STRINGS = NO;
				SWIFT_OPTIMIZATION_LEVEL = "-Onone";
				SWIFT_VERSION = 5.0;
				TARGETED_DEVICE_FAMILY = "1,2";
				TEST_HOST = "$(BUILT_PRODUCTS_DIR)/GardenGuide.app/$(BUNDLE_EXECUTABLE_FOLDER_PATH)/GardenGuide";
			};
			name = Debug;
		};
		5D8834AB2BD0712600A46774 /* Release */ = {
			isa = XCBuildConfiguration;
			buildSettings = {
				BUNDLE_LOADER = "$(TEST_HOST)";
				CLANG_ENABLE_MODULES = YES;
				CODE_SIGN_STYLE = Automatic;
				CURRENT_PROJECT_VERSION = 1;
				GENERATE_INFOPLIST_FILE = YES;
				MARKETING_VERSION = 1.0;
				PRODUCT_BUNDLE_IDENTIFIER = DonovanZJaimes.GardenGuideTests;
				PRODUCT_NAME = "$(TARGET_NAME)";
				SWIFT_EMIT_LOC_STRINGS = NO;
				SWIFT_VERSION = 5.0;
				TARGETED_DEVICE_FAMILY = "1,2";
				TEST_HOST = "$(BUILT_PRODUCTS_DIR)/GardenGuide.app/$(BUNDLE_EXECUTABLE_FOLDER_PATH)/GardenGuide";
			};
			name = Release;
		};
		5DCE87FB2BC4641800F853B5 /* Debug */ = {
			isa = XCBuildConfiguration;
			buildSettings = {
				ALWAYS_SEARCH_USER_PATHS = NO;
				CLANG_ANALYZER_NONNULL = YES;
				CLANG_ANALYZER_NUMBER_OBJECT_CONVERSION = YES_AGGRESSIVE;
				CLANG_CXX_LANGUAGE_STANDARD = "gnu++20";
				CLANG_ENABLE_MODULES = YES;
				CLANG_ENABLE_OBJC_ARC = YES;
				CLANG_ENABLE_OBJC_WEAK = YES;
				CLANG_WARN_BLOCK_CAPTURE_AUTORELEASING = YES;
				CLANG_WARN_BOOL_CONVERSION = YES;
				CLANG_WARN_COMMA = YES;
				CLANG_WARN_CONSTANT_CONVERSION = YES;
				CLANG_WARN_DEPRECATED_OBJC_IMPLEMENTATIONS = YES;
				CLANG_WARN_DIRECT_OBJC_ISA_USAGE = YES_ERROR;
				CLANG_WARN_DOCUMENTATION_COMMENTS = YES;
				CLANG_WARN_EMPTY_BODY = YES;
				CLANG_WARN_ENUM_CONVERSION = YES;
				CLANG_WARN_INFINITE_RECURSION = YES;
				CLANG_WARN_INT_CONVERSION = YES;
				CLANG_WARN_NON_LITERAL_NULL_CONVERSION = YES;
				CLANG_WARN_OBJC_IMPLICIT_RETAIN_SELF = YES;
				CLANG_WARN_OBJC_LITERAL_CONVERSION = YES;
				CLANG_WARN_OBJC_ROOT_CLASS = YES_ERROR;
				CLANG_WARN_QUOTED_INCLUDE_IN_FRAMEWORK_HEADER = YES;
				CLANG_WARN_RANGE_LOOP_ANALYSIS = YES;
				CLANG_WARN_STRICT_PROTOTYPES = YES;
				CLANG_WARN_SUSPICIOUS_MOVE = YES;
				CLANG_WARN_UNGUARDED_AVAILABILITY = YES_AGGRESSIVE;
				CLANG_WARN_UNREACHABLE_CODE = YES;
				CLANG_WARN__DUPLICATE_METHOD_MATCH = YES;
				COPY_PHASE_STRIP = NO;
				DEBUG_INFORMATION_FORMAT = "dwarf-with-dsym";
				ENABLE_STRICT_OBJC_MSGSEND = YES;
				ENABLE_TESTABILITY = YES;
				GCC_C_LANGUAGE_STANDARD = gnu11;
				GCC_DYNAMIC_NO_PIC = NO;
				GCC_NO_COMMON_BLOCKS = YES;
				GCC_OPTIMIZATION_LEVEL = 0;
				GCC_PREPROCESSOR_DEFINITIONS = (
					"DEBUG=1",
					"$(inherited)",
				);
				GCC_WARN_64_TO_32_BIT_CONVERSION = YES;
				GCC_WARN_ABOUT_RETURN_TYPE = YES_ERROR;
				GCC_WARN_UNDECLARED_SELECTOR = YES;
				GCC_WARN_UNINITIALIZED_AUTOS = YES_AGGRESSIVE;
				GCC_WARN_UNUSED_FUNCTION = YES;
				GCC_WARN_UNUSED_VARIABLE = YES;
				IPHONEOS_DEPLOYMENT_TARGET = 16.4;
				MTL_ENABLE_DEBUG_INFO = INCLUDE_SOURCE;
				MTL_FAST_MATH = YES;
				ONLY_ACTIVE_ARCH = YES;
				SDKROOT = iphoneos;
				SWIFT_ACTIVE_COMPILATION_CONDITIONS = DEBUG;
				SWIFT_OPTIMIZATION_LEVEL = "-Onone";
			};
			name = Debug;
		};
		5DCE87FC2BC4641800F853B5 /* Release */ = {
			isa = XCBuildConfiguration;
			buildSettings = {
				ALWAYS_SEARCH_USER_PATHS = NO;
				CLANG_ANALYZER_NONNULL = YES;
				CLANG_ANALYZER_NUMBER_OBJECT_CONVERSION = YES_AGGRESSIVE;
				CLANG_CXX_LANGUAGE_STANDARD = "gnu++20";
				CLANG_ENABLE_MODULES = YES;
				CLANG_ENABLE_OBJC_ARC = YES;
				CLANG_ENABLE_OBJC_WEAK = YES;
				CLANG_WARN_BLOCK_CAPTURE_AUTORELEASING = YES;
				CLANG_WARN_BOOL_CONVERSION = YES;
				CLANG_WARN_COMMA = YES;
				CLANG_WARN_CONSTANT_CONVERSION = YES;
				CLANG_WARN_DEPRECATED_OBJC_IMPLEMENTATIONS = YES;
				CLANG_WARN_DIRECT_OBJC_ISA_USAGE = YES_ERROR;
				CLANG_WARN_DOCUMENTATION_COMMENTS = YES;
				CLANG_WARN_EMPTY_BODY = YES;
				CLANG_WARN_ENUM_CONVERSION = YES;
				CLANG_WARN_INFINITE_RECURSION = YES;
				CLANG_WARN_INT_CONVERSION = YES;
				CLANG_WARN_NON_LITERAL_NULL_CONVERSION = YES;
				CLANG_WARN_OBJC_IMPLICIT_RETAIN_SELF = YES;
				CLANG_WARN_OBJC_LITERAL_CONVERSION = YES;
				CLANG_WARN_OBJC_ROOT_CLASS = YES_ERROR;
				CLANG_WARN_QUOTED_INCLUDE_IN_FRAMEWORK_HEADER = YES;
				CLANG_WARN_RANGE_LOOP_ANALYSIS = YES;
				CLANG_WARN_STRICT_PROTOTYPES = YES;
				CLANG_WARN_SUSPICIOUS_MOVE = YES;
				CLANG_WARN_UNGUARDED_AVAILABILITY = YES_AGGRESSIVE;
				CLANG_WARN_UNREACHABLE_CODE = YES;
				CLANG_WARN__DUPLICATE_METHOD_MATCH = YES;
				COPY_PHASE_STRIP = NO;
				DEBUG_INFORMATION_FORMAT = "dwarf-with-dsym";
				ENABLE_NS_ASSERTIONS = NO;
				ENABLE_STRICT_OBJC_MSGSEND = YES;
				GCC_C_LANGUAGE_STANDARD = gnu11;
				GCC_NO_COMMON_BLOCKS = YES;
				GCC_WARN_64_TO_32_BIT_CONVERSION = YES;
				GCC_WARN_ABOUT_RETURN_TYPE = YES_ERROR;
				GCC_WARN_UNDECLARED_SELECTOR = YES;
				GCC_WARN_UNINITIALIZED_AUTOS = YES_AGGRESSIVE;
				GCC_WARN_UNUSED_FUNCTION = YES;
				GCC_WARN_UNUSED_VARIABLE = YES;
				IPHONEOS_DEPLOYMENT_TARGET = 16.4;
				MTL_ENABLE_DEBUG_INFO = NO;
				MTL_FAST_MATH = YES;
				SDKROOT = iphoneos;
				SWIFT_COMPILATION_MODE = wholemodule;
				SWIFT_OPTIMIZATION_LEVEL = "-O";
				VALIDATE_PRODUCT = YES;
			};
			name = Release;
		};
		5DCE87FE2BC4641800F853B5 /* Debug */ = {
			isa = XCBuildConfiguration;
			buildSettings = {
				ASSETCATALOG_COMPILER_APPICON_NAME = AppIcon;
				ASSETCATALOG_COMPILER_GLOBAL_ACCENT_COLOR_NAME = AccentColor;
				CODE_SIGN_STYLE = Automatic;
				CURRENT_PROJECT_VERSION = 1;
				DEVELOPMENT_TEAM = 82TVGG9J8C;
				GENERATE_INFOPLIST_FILE = YES;
				INFOPLIST_FILE = GardenGuide/Info.plist;
				INFOPLIST_KEY_CFBundleDisplayName = GardenGuide;
				INFOPLIST_KEY_UIApplicationSupportsIndirectInputEvents = YES;
				INFOPLIST_KEY_UILaunchStoryboardName = LaunchScreen;
				INFOPLIST_KEY_UISupportedInterfaceOrientations_iPad = "UIInterfaceOrientationPortrait UIInterfaceOrientationPortraitUpsideDown UIInterfaceOrientationLandscapeLeft UIInterfaceOrientationLandscapeRight";
				INFOPLIST_KEY_UISupportedInterfaceOrientations_iPhone = "UIInterfaceOrientationPortrait UIInterfaceOrientationLandscapeLeft UIInterfaceOrientationLandscapeRight";
				LD_RUNPATH_SEARCH_PATHS = (
					"$(inherited)",
					"@executable_path/Frameworks",
				);
				MARKETING_VERSION = 1.0;
				PRODUCT_BUNDLE_IDENTIFIER = DonovanZJaimes.GardenGuide;
				PRODUCT_NAME = "$(TARGET_NAME)";
				SWIFT_EMIT_LOC_STRINGS = YES;
				SWIFT_VERSION = 5.0;
				TARGETED_DEVICE_FAMILY = "1,2";
			};
			name = Debug;
		};
		5DCE87FF2BC4641800F853B5 /* Release */ = {
			isa = XCBuildConfiguration;
			buildSettings = {
				ASSETCATALOG_COMPILER_APPICON_NAME = AppIcon;
				ASSETCATALOG_COMPILER_GLOBAL_ACCENT_COLOR_NAME = AccentColor;
				CODE_SIGN_STYLE = Automatic;
				CURRENT_PROJECT_VERSION = 1;
				DEVELOPMENT_TEAM = 82TVGG9J8C;
				GENERATE_INFOPLIST_FILE = YES;
				INFOPLIST_FILE = GardenGuide/Info.plist;
				INFOPLIST_KEY_CFBundleDisplayName = GardenGuide;
				INFOPLIST_KEY_UIApplicationSupportsIndirectInputEvents = YES;
				INFOPLIST_KEY_UILaunchStoryboardName = LaunchScreen;
				INFOPLIST_KEY_UISupportedInterfaceOrientations_iPad = "UIInterfaceOrientationPortrait UIInterfaceOrientationPortraitUpsideDown UIInterfaceOrientationLandscapeLeft UIInterfaceOrientationLandscapeRight";
				INFOPLIST_KEY_UISupportedInterfaceOrientations_iPhone = "UIInterfaceOrientationPortrait UIInterfaceOrientationLandscapeLeft UIInterfaceOrientationLandscapeRight";
				LD_RUNPATH_SEARCH_PATHS = (
					"$(inherited)",
					"@executable_path/Frameworks",
				);
				MARKETING_VERSION = 1.0;
				PRODUCT_BUNDLE_IDENTIFIER = DonovanZJaimes.GardenGuide;
				PRODUCT_NAME = "$(TARGET_NAME)";
				SWIFT_EMIT_LOC_STRINGS = YES;
				SWIFT_VERSION = 5.0;
				TARGETED_DEVICE_FAMILY = "1,2";
			};
			name = Release;
		};
/* End XCBuildConfiguration section */

/* Begin XCConfigurationList section */
		5D8834AC2BD0712600A46774 /* Build configuration list for PBXNativeTarget "GardenGuideTests" */ = {
			isa = XCConfigurationList;
			buildConfigurations = (
				5D8834AA2BD0712600A46774 /* Debug */,
				5D8834AB2BD0712600A46774 /* Release */,
			);
			defaultConfigurationIsVisible = 0;
			defaultConfigurationName = Release;
		};
		5DCE87E42BC4641500F853B5 /* Build configuration list for PBXProject "GardenGuide" */ = {
			isa = XCConfigurationList;
			buildConfigurations = (
				5DCE87FB2BC4641800F853B5 /* Debug */,
				5DCE87FC2BC4641800F853B5 /* Release */,
			);
			defaultConfigurationIsVisible = 0;
			defaultConfigurationName = Release;
		};
		5DCE87FD2BC4641800F853B5 /* Build configuration list for PBXNativeTarget "GardenGuide" */ = {
			isa = XCConfigurationList;
			buildConfigurations = (
				5DCE87FE2BC4641800F853B5 /* Debug */,
				5DCE87FF2BC4641800F853B5 /* Release */,
			);
			defaultConfigurationIsVisible = 0;
			defaultConfigurationName = Release;
		};
/* End XCConfigurationList section */

/* Begin XCRemoteSwiftPackageReference section */
		5D7AC04C2BE1A8B3003EF2C9 /* XCRemoteSwiftPackageReference "swift-snapshot-testing" */ = {
			isa = XCRemoteSwiftPackageReference;
			repositoryURL = "https://github.com/pointfreeco/swift-snapshot-testing";
			requirement = {
				kind = upToNextMajorVersion;
				minimumVersion = 1.0.0;
			};
		};
		5DCE88022BC46BD500F853B5 /* XCRemoteSwiftPackageReference "firebase-ios-sdk" */ = {
			isa = XCRemoteSwiftPackageReference;
			repositoryURL = "https://github.com/firebase/firebase-ios-sdk";
			requirement = {
				kind = upToNextMajorVersion;
				minimumVersion = 10.0.0;
			};
		};
		5DCE88182BC5C69100F853B5 /* XCRemoteSwiftPackageReference "GoogleSignIn-iOS" */ = {
			isa = XCRemoteSwiftPackageReference;
			repositoryURL = "https://github.com/google/GoogleSignIn-iOS";
			requirement = {
				kind = upToNextMajorVersion;
				minimumVersion = 7.0.0;
			};
		};
/* End XCRemoteSwiftPackageReference section */

/* Begin XCSwiftPackageProductDependency section */
		5D7AC04D2BE1A8B3003EF2C9 /* InlineSnapshotTesting */ = {
			isa = XCSwiftPackageProductDependency;
			package = 5D7AC04C2BE1A8B3003EF2C9 /* XCRemoteSwiftPackageReference "swift-snapshot-testing" */;
			productName = InlineSnapshotTesting;
		};
		5D7AC04F2BE1A8B3003EF2C9 /* SnapshotTesting */ = {
			isa = XCSwiftPackageProductDependency;
			package = 5D7AC04C2BE1A8B3003EF2C9 /* XCRemoteSwiftPackageReference "swift-snapshot-testing" */;
			productName = SnapshotTesting;
		};
		5D8834AF2BD07AF100A46774 /* FirebaseAuth */ = {
			isa = XCSwiftPackageProductDependency;
			package = 5DCE88022BC46BD500F853B5 /* XCRemoteSwiftPackageReference "firebase-ios-sdk" */;
			productName = FirebaseAuth;
		};
		5D8834B12BD07B4A00A46774 /* FirebaseAnalytics */ = {
			isa = XCSwiftPackageProductDependency;
			package = 5DCE88022BC46BD500F853B5 /* XCRemoteSwiftPackageReference "firebase-ios-sdk" */;
			productName = FirebaseAnalytics;
		};
		5D8834B32BD07B9900A46774 /* FirebaseFirestore */ = {
			isa = XCSwiftPackageProductDependency;
			package = 5DCE88022BC46BD500F853B5 /* XCRemoteSwiftPackageReference "firebase-ios-sdk" */;
			productName = FirebaseFirestore;
		};
		5D8834B72BD07C2300A46774 /* FirebaseRemoteConfig */ = {
			isa = XCSwiftPackageProductDependency;
			package = 5DCE88022BC46BD500F853B5 /* XCRemoteSwiftPackageReference "firebase-ios-sdk" */;
			productName = FirebaseRemoteConfig;
		};
		5D8834BB2BD07C6500A46774 /* GoogleSignIn */ = {
			isa = XCSwiftPackageProductDependency;
			package = 5DCE88182BC5C69100F853B5 /* XCRemoteSwiftPackageReference "GoogleSignIn-iOS" */;
			productName = GoogleSignIn;
		};
		5DCE88032BC46BD500F853B5 /* FirebaseAnalytics */ = {
			isa = XCSwiftPackageProductDependency;
			package = 5DCE88022BC46BD500F853B5 /* XCRemoteSwiftPackageReference "firebase-ios-sdk" */;
			productName = FirebaseAnalytics;
		};
		5DCE88052BC46BD500F853B5 /* FirebaseAnalyticsWithoutAdIdSupport */ = {
			isa = XCSwiftPackageProductDependency;
			package = 5DCE88022BC46BD500F853B5 /* XCRemoteSwiftPackageReference "firebase-ios-sdk" */;
			productName = FirebaseAnalyticsWithoutAdIdSupport;
		};
		5DCE88162BC4A49900F853B5 /* FirebaseAuth */ = {
			isa = XCSwiftPackageProductDependency;
			package = 5DCE88022BC46BD500F853B5 /* XCRemoteSwiftPackageReference "firebase-ios-sdk" */;
			productName = FirebaseAuth;
		};
		5DCE88192BC5C69100F853B5 /* GoogleSignIn */ = {
			isa = XCSwiftPackageProductDependency;
			package = 5DCE88182BC5C69100F853B5 /* XCRemoteSwiftPackageReference "GoogleSignIn-iOS" */;
			productName = GoogleSignIn;
		};
		5DCE881B2BC5C69100F853B5 /* GoogleSignInSwift */ = {
			isa = XCSwiftPackageProductDependency;
			package = 5DCE88182BC5C69100F853B5 /* XCRemoteSwiftPackageReference "GoogleSignIn-iOS" */;
			productName = GoogleSignInSwift;
		};
		5DCE883F2BC8547500F853B5 /* FirebaseCrashlytics */ = {
			isa = XCSwiftPackageProductDependency;
			package = 5DCE88022BC46BD500F853B5 /* XCRemoteSwiftPackageReference "firebase-ios-sdk" */;
			productName = FirebaseCrashlytics;
		};
		5DCE88422BC86B4900F853B5 /* FirebaseRemoteConfig */ = {
			isa = XCSwiftPackageProductDependency;
			package = 5DCE88022BC46BD500F853B5 /* XCRemoteSwiftPackageReference "firebase-ios-sdk" */;
			productName = FirebaseRemoteConfig;
		};
		5DCE88442BC86B4900F853B5 /* FirebaseRemoteConfigSwift */ = {
			isa = XCSwiftPackageProductDependency;
			package = 5DCE88022BC46BD500F853B5 /* XCRemoteSwiftPackageReference "firebase-ios-sdk" */;
			productName = FirebaseRemoteConfigSwift;
		};
		5DCE88462BC8774900F853B5 /* FirebaseFirestore */ = {
			isa = XCSwiftPackageProductDependency;
			package = 5DCE88022BC46BD500F853B5 /* XCRemoteSwiftPackageReference "firebase-ios-sdk" */;
			productName = FirebaseFirestore;
		};
		5DCE88482BC8774900F853B5 /* FirebaseFirestoreSwift */ = {
			isa = XCSwiftPackageProductDependency;
			package = 5DCE88022BC46BD500F853B5 /* XCRemoteSwiftPackageReference "firebase-ios-sdk" */;
			productName = FirebaseFirestoreSwift;
		};
/* End XCSwiftPackageProductDependency section */
	};
	rootObject = 5DCE87E12BC4641500F853B5 /* Project object */;
}
